
Microsoft Visual Studio Solution File, Format Version 12.00
# Visual Studio Version 16
VisualStudioVersion = 16.0.30804.86
MinimumVisualStudioVersion = 10.0.40219.1
Project("{FAE04EC0-301F-11D3-BF4B-00C04F79EFBC}") = "DoorService.SignalR", "DoorService.SignalR\DoorService.SignalR.csproj", "{45B9DFF1-C938-4E48-BE39-0F159A8FCC4B}"
EndProject
Project("{FAE04EC0-301F-11D3-BF4B-00C04F79EFBC}") = "DoorMonitor.WPF", "DoorMonitor.WPF\DoorMonitor.WPF.csproj", "{D502BCB3-0C6D-494B-BA56-1B702AA0C4F5}"
EndProject
Project("{FAE04EC0-301F-11D3-BF4B-00C04F79EFBC}") = "DoorMonitor.Common", "DoorMonitor.Common\DoorMonitor.Common.csproj", "{0448F607-1F15-4C2E-AD6D-91749552B0AD}"
EndProject
Global
	GlobalSection(SolutionConfigurationPlatforms) = preSolution
		Debug|Any CPU = Debug|Any CPU
		Release|Any CPU = Release|Any CPU
	EndGlobalSection
	GlobalSection(ProjectConfigurationPlatforms) = postSolution
		{45B9DFF1-C938-4E48-BE39-0F159A8FCC4B}.Debug|Any CPU.ActiveCfg = Debug|Any CPU
		{45B9DFF1-C938-4E48-BE39-0F159A8FCC4B}.Debug|Any CPU.Build.0 = Debug|Any CPU
		{45B9DFF1-C938-4E48-BE39-0F159A8FCC4B}.Release|Any CPU.ActiveCfg = Release|Any CPU
		{45B9DFF1-C938-4E48-BE39-0F159A8FCC4B}.Release|Any CPU.Build.0 = Release|Any CPU
		{D502BCB3-0C6D-494B-BA56-1B702AA0C4F5}.Debug|Any CPU.ActiveCfg = Debug|Any CPU
		{D502BCB3-0C6D-494B-BA56-1B702AA0C4F5}.Debug|Any CPU.Build.0 = Debug|Any CPU
		{D502BCB3-0C6D-494B-BA56-1B702AA0C4F5}.Release|Any CPU.ActiveCfg = Release|Any CPU
		{D502BCB3-0C6D-494B-BA56-1B702AA0C4F5}.Release|Any CPU.Build.0 = Release|Any CPU
		{0448F607-1F15-4C2E-AD6D-91749552B0AD}.Debug|Any CPU.ActiveCfg = Debug|Any CPU
		{0448F607-1F15-4C2E-AD6D-91749552B0AD}.Debug|Any CPU.Build.0 = Debug|Any CPU
		{0448F607-1F15-4C2E-AD6D-91749552B0AD}.Release|Any CPU.ActiveCfg = Release|Any CPU
		{0448F607-1F15-4C2E-AD6D-91749552B0AD}.Release|Any CPU.Build.0 = Release|Any CPU
	EndGlobalSection
	GlobalSection(SolutionProperties) = preSolution
		HideSolutionNode = FALSE
	EndGlobalSection
	GlobalSection(ExtensibilityGlobals) = postSolution
		SolutionGuid = {AC473D7A-0C18-4B3C-91B9-5F91C6CFD5D7}
	EndGlobalSection
EndGlobal
